
Microsoft Visual Studio Solution File, Format Version 12.00
# Visual Studio 15
Project("{FAE04EC0-301F-11D3-BF4B-00C04F79EFBC}") = "Multiplayer_Chat_Room", "Assembly-CSharp-firstpass.csproj", "{18571F32-EE7E-5B36-C2AD-BC0AE0315612}"
EndProject
Project("{FAE04EC0-301F-11D3-BF4B-00C04F79EFBC}") = "Multiplayer_Chat_Room", "Assembly-CSharp.csproj", "{2657C986-8898-32F0-D843-53222F52F462}"
EndProject
Project("{FAE04EC0-301F-11D3-BF4B-00C04F79EFBC}") = "Multiplayer_Chat_Room", "Assembly-CSharp-Editor-firstpass.csproj", "{02844E22-3DE0-12C8-ED81-55DAAEFD8BAA}"
EndProject
Global
	GlobalSection(SolutionConfigurationPlatforms) = preSolution
		Debug|Any CPU = Debug|Any CPU
		Release|Any CPU = Release|Any CPU
	EndGlobalSection
	GlobalSection(ProjectConfigurationPlatforms) = postSolution
		{18571F32-EE7E-5B36-C2AD-BC0AE0315612}.Debug|Any CPU.ActiveCfg = Debug|Any CPU
		{18571F32-EE7E-5B36-C2AD-BC0AE0315612}.Debug|Any CPU.Build.0 = Debug|Any CPU
		{18571F32-EE7E-5B36-C2AD-BC0AE0315612}.Release|Any CPU.ActiveCfg = Release|Any CPU
		{18571F32-EE7E-5B36-C2AD-BC0AE0315612}.Release|Any CPU.Build.0 = Release|Any CPU
		{2657C986-8898-32F0-D843-53222F52F462}.Debug|Any CPU.ActiveCfg = Debug|Any CPU
		{2657C986-8898-32F0-D843-53222F52F462}.Debug|Any CPU.Build.0 = Debug|Any CPU
		{2657C986-8898-32F0-D843-53222F52F462}.Release|Any CPU.ActiveCfg = Release|Any CPU
		{2657C986-8898-32F0-D843-53222F52F462}.Release|Any CPU.Build.0 = Release|Any CPU
		{02844E22-3DE0-12C8-ED81-55DAAEFD8BAA}.Debug|Any CPU.ActiveCfg = Debug|Any CPU
		{02844E22-3DE0-12C8-ED81-55DAAEFD8BAA}.Debug|Any CPU.Build.0 = Debug|Any CPU
		{02844E22-3DE0-12C8-ED81-55DAAEFD8BAA}.Release|Any CPU.ActiveCfg = Release|Any CPU
		{02844E22-3DE0-12C8-ED81-55DAAEFD8BAA}.Release|Any CPU.Build.0 = Release|Any CPU
	EndGlobalSection
	GlobalSection(SolutionProperties) = preSolution
		HideSolutionNode = FALSE
	EndGlobalSection
EndGlobal
